// !$*UTF8*$!
{
	archiveVersion = 1;
	classes = {
	};
	objectVersion = 56;
	objects = {

/* Begin PBXBuildFile section */
		106144862C94774B006342BA /* PaymentPattern.swift in Sources */ = {isa = PBXBuildFile; fileRef = 106144852C94774B006342BA /* PaymentPattern.swift */; };
		106144892C9478F4006342BA /* PaymentCalculate.swift in Sources */ = {isa = PBXBuildFile; fileRef = 106144882C9478F4006342BA /* PaymentCalculate.swift */; };
		1061448B2C94795F006342BA /* DummyPaymentCalculate.swift in Sources */ = {isa = PBXBuildFile; fileRef = 1061448A2C94795F006342BA /* DummyPaymentCalculate.swift */; };
		9CE36D022C85B895007601B3 /* WalletDietApp.swift in Sources */ = {isa = PBXBuildFile; fileRef = 9CE36D012C85B895007601B3 /* WalletDietApp.swift */; };
		9CE36D042C85B895007601B3 /* ResisterView.swift in Sources */ = {isa = PBXBuildFile; fileRef = 9CE36D032C85B895007601B3 /* ResisterView.swift */; };
		9CE36D062C85B897007601B3 /* Assets.xcassets in Resources */ = {isa = PBXBuildFile; fileRef = 9CE36D052C85B897007601B3 /* Assets.xcassets */; };
		9CE36D0A2C85B897007601B3 /* Preview Assets.xcassets in Resources */ = {isa = PBXBuildFile; fileRef = 9CE36D092C85B897007601B3 /* Preview Assets.xcassets */; };
		9CE36D112C94567E007601B3 /* ResultView.swift in Sources */ = {isa = PBXBuildFile; fileRef = 9CE36D102C94567E007601B3 /* ResultView.swift */; };
/* End PBXBuildFile section */

/* Begin PBXFileReference section */
		106144852C94774B006342BA /* PaymentPattern.swift */ = {isa = PBXFileReference; lastKnownFileType = sourcecode.swift; path = PaymentPattern.swift; sourceTree = "<group>"; };
		106144882C9478F4006342BA /* PaymentCalculate.swift */ = {isa = PBXFileReference; lastKnownFileType = sourcecode.swift; path = PaymentCalculate.swift; sourceTree = "<group>"; };
		1061448A2C94795F006342BA /* DummyPaymentCalculate.swift */ = {isa = PBXFileReference; lastKnownFileType = sourcecode.swift; path = DummyPaymentCalculate.swift; sourceTree = "<group>"; };
		9CE36CFE2C85B895007601B3 /* WalletDiet.app */ = {isa = PBXFileReference; explicitFileType = wrapper.application; includeInIndex = 0; path = WalletDiet.app; sourceTree = BUILT_PRODUCTS_DIR; };
		9CE36D012C85B895007601B3 /* WalletDietApp.swift */ = {isa = PBXFileReference; lastKnownFileType = sourcecode.swift; path = WalletDietApp.swift; sourceTree = "<group>"; };
		9CE36D032C85B895007601B3 /* ResisterView.swift */ = {isa = PBXFileReference; lastKnownFileType = sourcecode.swift; path = ResisterView.swift; sourceTree = "<group>"; };
		9CE36D052C85B897007601B3 /* Assets.xcassets */ = {isa = PBXFileReference; lastKnownFileType = folder.assetcatalog; path = Assets.xcassets; sourceTree = "<group>"; };
		9CE36D072C85B897007601B3 /* WalletDiet.entitlements */ = {isa = PBXFileReference; lastKnownFileType = text.plist.entitlements; path = WalletDiet.entitlements; sourceTree = "<group>"; };
		9CE36D092C85B897007601B3 /* Preview Assets.xcassets */ = {isa = PBXFileReference; lastKnownFileType = folder.assetcatalog; path = "Preview Assets.xcassets"; sourceTree = "<group>"; };
		9CE36D102C94567E007601B3 /* ResultView.swift */ = {isa = PBXFileReference; lastKnownFileType = sourcecode.swift; path = ResultView.swift; sourceTree = "<group>"; };
/* End PBXFileReference section */

/* Begin PBXFrameworksBuildPhase section */
		9CE36CFB2C85B895007601B3 /* Frameworks */ = {
			isa = PBXFrameworksBuildPhase;
			buildActionMask = 2147483647;
			files = (
			);
			runOnlyForDeploymentPostprocessing = 0;
		};
/* End PBXFrameworksBuildPhase section */

/* Begin PBXGroup section */
		106144842C947736006342BA /* DataModel */ = {
			isa = PBXGroup;
			children = (
				106144852C94774B006342BA /* PaymentPattern.swift */,
			);
			path = DataModel;
			sourceTree = "<group>";
		};
		106144872C9478E3006342BA /* Model */ = {
			isa = PBXGroup;
			children = (
				106144882C9478F4006342BA /* PaymentCalculate.swift */,
				1061448A2C94795F006342BA /* DummyPaymentCalculate.swift */,
			);
			path = Model;
			sourceTree = "<group>";
		};
		9CE36CF52C85B895007601B3 = {
			isa = PBXGroup;
			children = (
				9CE36D002C85B895007601B3 /* WalletDiet */,
				9CE36CFF2C85B895007601B3 /* Products */,
			);
			sourceTree = "<group>";
		};
		9CE36CFF2C85B895007601B3 /* Products */ = {
			isa = PBXGroup;
			children = (
				9CE36CFE2C85B895007601B3 /* WalletDiet.app */,
			);
			name = Products;
			sourceTree = "<group>";
		};
		9CE36D002C85B895007601B3 /* WalletDiet */ = {
			isa = PBXGroup;
			children = (
				106144872C9478E3006342BA /* Model */,
				106144842C947736006342BA /* DataModel */,
				9CE36D012C85B895007601B3 /* WalletDietApp.swift */,
				9CE36D032C85B895007601B3 /* ResisterView.swift */,
				9CE36D102C94567E007601B3 /* ResultView.swift */,
				9CE36D052C85B897007601B3 /* Assets.xcassets */,
				9CE36D072C85B897007601B3 /* WalletDiet.entitlements */,
				9CE36D082C85B897007601B3 /* Preview Content */,
			);
			path = WalletDiet;
			sourceTree = "<group>";
		};
		9CE36D082C85B897007601B3 /* Preview Content */ = {
			isa = PBXGroup;
			children = (
				9CE36D092C85B897007601B3 /* Preview Assets.xcassets */,
			);
			path = "Preview Content";
			sourceTree = "<group>";
		};
/* End PBXGroup section */

/* Begin PBXNativeTarget section */
		9CE36CFD2C85B895007601B3 /* WalletDiet */ = {
			isa = PBXNativeTarget;
			buildConfigurationList = 9CE36D0D2C85B897007601B3 /* Build configuration list for PBXNativeTarget "WalletDiet" */;
			buildPhases = (
				9CE36CFA2C85B895007601B3 /* Sources */,
				9CE36CFB2C85B895007601B3 /* Frameworks */,
				9CE36CFC2C85B895007601B3 /* Resources */,
			);
			buildRules = (
			);
			dependencies = (
			);
			name = WalletDiet;
			productName = WalletDiet;
			productReference = 9CE36CFE2C85B895007601B3 /* WalletDiet.app */;
			productType = "com.apple.product-type.application";
		};
/* End PBXNativeTarget section */

/* Begin PBXProject section */
		9CE36CF62C85B895007601B3 /* Project object */ = {
			isa = PBXProject;
			attributes = {
				BuildIndependentTargetsInParallel = 1;
				LastSwiftUpdateCheck = 1540;
				LastUpgradeCheck = 1540;
				TargetAttributes = {
					9CE36CFD2C85B895007601B3 = {
						CreatedOnToolsVersion = 15.4;
					};
				};
			};
			buildConfigurationList = 9CE36CF92C85B895007601B3 /* Build configuration list for PBXProject "WalletDiet" */;
			compatibilityVersion = "Xcode 14.0";
			developmentRegion = en;
			hasScannedForEncodings = 0;
			knownRegions = (
				en,
				Base,
			);
			mainGroup = 9CE36CF52C85B895007601B3;
			productRefGroup = 9CE36CFF2C85B895007601B3 /* Products */;
			projectDirPath = "";
			projectRoot = "";
			targets = (
				9CE36CFD2C85B895007601B3 /* WalletDiet */,
			);
		};
/* End PBXProject section */

/* Begin PBXResourcesBuildPhase section */
		9CE36CFC2C85B895007601B3 /* Resources */ = {
			isa = PBXResourcesBuildPhase;
			buildActionMask = 2147483647;
			files = (
				9CE36D0A2C85B897007601B3 /* Preview Assets.xcassets in Resources */,
				9CE36D062C85B897007601B3 /* Assets.xcassets in Resources */,
			);
			runOnlyForDeploymentPostprocessing = 0;
		};
/* End PBXResourcesBuildPhase section */

/* Begin PBXSourcesBuildPhase section */
		9CE36CFA2C85B895007601B3 /* Sources */ = {
			isa = PBXSourcesBuildPhase;
			buildActionMask = 2147483647;
			files = (
				1061448B2C94795F006342BA /* DummyPaymentCalculate.swift in Sources */,
				9CE36D042C85B895007601B3 /* ResisterView.swift in Sources */,
				106144892C9478F4006342BA /* PaymentCalculate.swift in Sources */,
				9CE36D022C85B895007601B3 /* WalletDietApp.swift in Sources */,
				9CE36D112C94567E007601B3 /* ResultView.swift in Sources */,
				106144862C94774B006342BA /* PaymentPattern.swift in Sources */,
			);
			runOnlyForDeploymentPostprocessing = 0;
		};
/* End PBXSourcesBuildPhase section */

/* Begin XCBuildConfiguration section */
		9CE36D0B2C85B897007601B3 /* Debug */ = {
			isa = XCBuildConfiguration;
			buildSettings = {
				ALWAYS_SEARCH_USER_PATHS = NO;
				ASSETCATALOG_COMPILER_GENERATE_SWIFT_ASSET_SYMBOL_EXTENSIONS = YES;
				CLANG_ANALYZER_NONNULL = YES;
				CLANG_ANALYZER_NUMBER_OBJECT_CONVERSION = YES_AGGRESSIVE;
				CLANG_CXX_LANGUAGE_STANDARD = "gnu++20";
				CLANG_ENABLE_MODULES = YES;
				CLANG_ENABLE_OBJC_ARC = YES;
				CLANG_ENABLE_OBJC_WEAK = YES;
				CLANG_WARN_BLOCK_CAPTURE_AUTORELEASING = YES;
				CLANG_WARN_BOOL_CONVERSION = YES;
				CLANG_WARN_COMMA = YES;
				CLANG_WARN_CONSTANT_CONVERSION = YES;
				CLANG_WARN_DEPRECATED_OBJC_IMPLEMENTATIONS = YES;
				CLANG_WARN_DIRECT_OBJC_ISA_USAGE = YES_ERROR;
				CLANG_WARN_DOCUMENTATION_COMMENTS = YES;
				CLANG_WARN_EMPTY_BODY = YES;
				CLANG_WARN_ENUM_CONVERSION = YES;
				CLANG_WARN_INFINITE_RECURSION = YES;
				CLANG_WARN_INT_CONVERSION = YES;
				CLANG_WARN_NON_LITERAL_NULL_CONVERSION = YES;
				CLANG_WARN_OBJC_IMPLICIT_RETAIN_SELF = YES;
				CLANG_WARN_OBJC_LITERAL_CONVERSION = YES;
				CLANG_WARN_OBJC_ROOT_CLASS = YES_ERROR;
				CLANG_WARN_QUOTED_INCLUDE_IN_FRAMEWORK_HEADER = YES;
				CLANG_WARN_RANGE_LOOP_ANALYSIS = YES;
				CLANG_WARN_STRICT_PROTOTYPES = YES;
				CLANG_WARN_SUSPICIOUS_MOVE = YES;
				CLANG_WARN_UNGUARDED_AVAILABILITY = YES_AGGRESSIVE;
				CLANG_WARN_UNREACHABLE_CODE = YES;
				CLANG_WARN__DUPLICATE_METHOD_MATCH = YES;
				COPY_PHASE_STRIP = NO;
				DEBUG_INFORMATION_FORMAT = dwarf;
				ENABLE_STRICT_OBJC_MSGSEND = YES;
				ENABLE_TESTABILITY = YES;
				ENABLE_USER_SCRIPT_SANDBOXING = YES;
				GCC_C_LANGUAGE_STANDARD = gnu17;
				GCC_DYNAMIC_NO_PIC = NO;
				GCC_NO_COMMON_BLOCKS = YES;
				GCC_OPTIMIZATION_LEVEL = 0;
				GCC_PREPROCESSOR_DEFINITIONS = (
					"DEBUG=1",
					"$(inherited)",
				);
				GCC_WARN_64_TO_32_BIT_CONVERSION = YES;
				GCC_WARN_ABOUT_RETURN_TYPE = YES_ERROR;
				GCC_WARN_UNDECLARED_SELECTOR = YES;
				GCC_WARN_UNINITIALIZED_AUTOS = YES_AGGRESSIVE;
				GCC_WARN_UNUSED_FUNCTION = YES;
				GCC_WARN_UNUSED_VARIABLE = YES;
				LOCALIZATION_PREFERS_STRING_CATALOGS = YES;
				MTL_ENABLE_DEBUG_INFO = INCLUDE_SOURCE;
				MTL_FAST_MATH = YES;
				ONLY_ACTIVE_ARCH = YES;
				SWIFT_ACTIVE_COMPILATION_CONDITIONS = "DEBUG $(inherited)";
				SWIFT_OPTIMIZATION_LEVEL = "-Onone";
			};
			name = Debug;
		};
		9CE36D0C2C85B897007601B3 /* Release */ = {
			isa = XCBuildConfiguration;
			buildSettings = {
				ALWAYS_SEARCH_USER_PATHS = NO;
				ASSETCATALOG_COMPILER_GENERATE_SWIFT_ASSET_SYMBOL_EXTENSIONS = YES;
				CLANG_ANALYZER_NONNULL = YES;
				CLANG_ANALYZER_NUMBER_OBJECT_CONVERSION = YES_AGGRESSIVE;
				CLANG_CXX_LANGUAGE_STANDARD = "gnu++20";
				CLANG_ENABLE_MODULES = YES;
				CLANG_ENABLE_OBJC_ARC = YES;
				CLANG_ENABLE_OBJC_WEAK = YES;
				CLANG_WARN_BLOCK_CAPTURE_AUTORELEASING = YES;
				CLANG_WARN_BOOL_CONVERSION = YES;
				CLANG_WARN_COMMA = YES;
				CLANG_WARN_CONSTANT_CONVERSION = YES;
				CLANG_WARN_DEPRECATED_OBJC_IMPLEMENTATIONS = YES;
				CLANG_WARN_DIRECT_OBJC_ISA_USAGE = YES_ERROR;
				CLANG_WARN_DOCUMENTATION_COMMENTS = YES;
				CLANG_WARN_EMPTY_BODY = YES;
				CLANG_WARN_ENUM_CONVERSION = YES;
				CLANG_WARN_INFINITE_RECURSION = YES;
				CLANG_WARN_INT_CONVERSION = YES;
				CLANG_WARN_NON_LITERAL_NULL_CONVERSION = YES;
				CLANG_WARN_OBJC_IMPLICIT_RETAIN_SELF = YES;
				CLANG_WARN_OBJC_LITERAL_CONVERSION = YES;
				CLANG_WARN_OBJC_ROOT_CLASS = YES_ERROR;
				CLANG_WARN_QUOTED_INCLUDE_IN_FRAMEWORK_HEADER = YES;
				CLANG_WARN_RANGE_LOOP_ANALYSIS = YES;
				CLANG_WARN_STRICT_PROTOTYPES = YES;
				CLANG_WARN_SUSPICIOUS_MOVE = YES;
				CLANG_WARN_UNGUARDED_AVAILABILITY = YES_AGGRESSIVE;
				CLANG_WARN_UNREACHABLE_CODE = YES;
				CLANG_WARN__DUPLICATE_METHOD_MATCH = YES;
				COPY_PHASE_STRIP = NO;
				DEBUG_INFORMATION_FORMAT = "dwarf-with-dsym";
				ENABLE_NS_ASSERTIONS = NO;
				ENABLE_STRICT_OBJC_MSGSEND = YES;
				ENABLE_USER_SCRIPT_SANDBOXING = YES;
				GCC_C_LANGUAGE_STANDARD = gnu17;
				GCC_NO_COMMON_BLOCKS = YES;
				GCC_WARN_64_TO_32_BIT_CONVERSION = YES;
				GCC_WARN_ABOUT_RETURN_TYPE = YES_ERROR;
				GCC_WARN_UNDECLARED_SELECTOR = YES;
				GCC_WARN_UNINITIALIZED_AUTOS = YES_AGGRESSIVE;
				GCC_WARN_UNUSED_FUNCTION = YES;
				GCC_WARN_UNUSED_VARIABLE = YES;
				LOCALIZATION_PREFERS_STRING_CATALOGS = YES;
				MTL_ENABLE_DEBUG_INFO = NO;
				MTL_FAST_MATH = YES;
				SWIFT_COMPILATION_MODE = wholemodule;
			};
			name = Release;
		};
		9CE36D0E2C85B897007601B3 /* Debug */ = {
			isa = XCBuildConfiguration;
			buildSettings = {
				ASSETCATALOG_COMPILER_APPICON_NAME = AppIcon;
				ASSETCATALOG_COMPILER_GLOBAL_ACCENT_COLOR_NAME = AccentColor;
				CODE_SIGN_ENTITLEMENTS = WalletDiet/WalletDiet.entitlements;
				CODE_SIGN_STYLE = Automatic;
				CURRENT_PROJECT_VERSION = 1;
				DEVELOPMENT_ASSET_PATHS = "\"WalletDiet/Preview Content\"";
				DEVELOPMENT_TEAM = NJ55RU4U3A;
				ENABLE_HARDENED_RUNTIME = YES;
				ENABLE_PREVIEWS = YES;
				GENERATE_INFOPLIST_FILE = YES;
				"INFOPLIST_KEY_UIApplicationSceneManifest_Generation[sdk=iphoneos*]" = YES;
				"INFOPLIST_KEY_UIApplicationSceneManifest_Generation[sdk=iphonesimulator*]" = YES;
				"INFOPLIST_KEY_UIApplicationSupportsIndirectInputEvents[sdk=iphoneos*]" = YES;
				"INFOPLIST_KEY_UIApplicationSupportsIndirectInputEvents[sdk=iphonesimulator*]" = YES;
				"INFOPLIST_KEY_UILaunchScreen_Generation[sdk=iphoneos*]" = YES;
				"INFOPLIST_KEY_UILaunchScreen_Generation[sdk=iphonesimulator*]" = YES;
				"INFOPLIST_KEY_UIStatusBarStyle[sdk=iphoneos*]" = UIStatusBarStyleDefault;
				"INFOPLIST_KEY_UIStatusBarStyle[sdk=iphonesimulator*]" = UIStatusBarStyleDefault;
				INFOPLIST_KEY_UISupportedInterfaceOrientations_iPad = "UIInterfaceOrientationPortrait UIInterfaceOrientationPortraitUpsideDown UIInterfaceOrientationLandscapeLeft UIInterfaceOrientationLandscapeRight";
				INFOPLIST_KEY_UISupportedInterfaceOrientations_iPhone = "UIInterfaceOrientationPortrait UIInterfaceOrientationLandscapeLeft UIInterfaceOrientationLandscapeRight";
				IPHONEOS_DEPLOYMENT_TARGET = 17.5;
				LD_RUNPATH_SEARCH_PATHS = "@executable_path/Frameworks";
				"LD_RUNPATH_SEARCH_PATHS[sdk=macosx*]" = "@executable_path/../Frameworks";
				MACOSX_DEPLOYMENT_TARGET = 14.5;
				MARKETING_VERSION = 1.0;
				PRODUCT_BUNDLE_IDENTIFIER = com.asa05z2.WalletDiet;
				PRODUCT_NAME = "$(TARGET_NAME)";
				SDKROOT = auto;
				SUPPORTED_PLATFORMS = "iphoneos iphonesimulator macosx";
				SWIFT_EMIT_LOC_STRINGS = YES;
				SWIFT_VERSION = 5.0;
				TARGETED_DEVICE_FAMILY = "1,2";
			};
			name = Debug;
		};
		9CE36D0F2C85B897007601B3 /* Release */ = {
			isa = XCBuildConfiguration;
			buildSettings = {
				ASSETCATALOG_COMPILER_APPICON_NAME = AppIcon;
				ASSETCATALOG_COMPILER_GLOBAL_ACCENT_COLOR_NAME = AccentColor;
				CODE_SIGN_ENTITLEMENTS = WalletDiet/WalletDiet.entitlements;
				CODE_SIGN_STYLE = Automatic;
				CURRENT_PROJECT_VERSION = 1;
				DEVELOPMENT_ASSET_PATHS = "\"WalletDiet/Preview Content\"";
				DEVELOPMENT_TEAM = NJ55RU4U3A;
				ENABLE_HARDENED_RUNTIME = YES;
				ENABLE_PREVIEWS = YES;
				GENERATE_INFOPLIST_FILE = YES;
				"INFOPLIST_KEY_UIApplicationSceneManifest_Generation[sdk=iphoneos*]" = YES;
				"INFOPLIST_KEY_UIApplicationSceneManifest_Generation[sdk=iphonesimulator*]" = YES;
				"INFOPLIST_KEY_UIApplicationSupportsIndirectInputEvents[sdk=iphoneos*]" = YES;
				"INFOPLIST_KEY_UIApplicationSupportsIndirectInputEvents[sdk=iphonesimulator*]" = YES;
				"INFOPLIST_KEY_UILaunchScreen_Generation[sdk=iphoneos*]" = YES;
				"INFOPLIST_KEY_UILaunchScreen_Generation[sdk=iphonesimulator*]" = YES;
				"INFOPLIST_KEY_UIStatusBarStyle[sdk=iphoneos*]" = UIStatusBarStyleDefault;
				"INFOPLIST_KEY_UIStatusBarStyle[sdk=iphonesimulator*]" = UIStatusBarStyleDefault;
				INFOPLIST_KEY_UISupportedInterfaceOrientations_iPad = "UIInterfaceOrientationPortrait UIInterfaceOrientationPortraitUpsideDown UIInterfaceOrientationLandscapeLeft UIInterfaceOrientationLandscapeRight";
				INFOPLIST_KEY_UISupportedInterfaceOrientations_iPhone = "UIInterfaceOrientationPortrait UIInterfaceOrientationLandscapeLeft UIInterfaceOrientationLandscapeRight";
				IPHONEOS_DEPLOYMENT_TARGET = 17.5;
				LD_RUNPATH_SEARCH_PATHS = "@executable_path/Frameworks";
				"LD_RUNPATH_SEARCH_PATHS[sdk=macosx*]" = "@executable_path/../Frameworks";
				MACOSX_DEPLOYMENT_TARGET = 14.5;
				MARKETING_VERSION = 1.0;
				PRODUCT_BUNDLE_IDENTIFIER = com.asa05z2.WalletDiet;
				PRODUCT_NAME = "$(TARGET_NAME)";
				SDKROOT = auto;
				SUPPORTED_PLATFORMS = "iphoneos iphonesimulator macosx";
				SWIFT_EMIT_LOC_STRINGS = YES;
				SWIFT_VERSION = 5.0;
				TARGETED_DEVICE_FAMILY = "1,2";
			};
			name = Release;
		};
/* End XCBuildConfiguration section */

/* Begin XCConfigurationList section */
		9CE36CF92C85B895007601B3 /* Build configuration list for PBXProject "WalletDiet" */ = {
			isa = XCConfigurationList;
			buildConfigurations = (
				9CE36D0B2C85B897007601B3 /* Debug */,
				9CE36D0C2C85B897007601B3 /* Release */,
			);
			defaultConfigurationIsVisible = 0;
			defaultConfigurationName = Release;
		};
		9CE36D0D2C85B897007601B3 /* Build configuration list for PBXNativeTarget "WalletDiet" */ = {
			isa = XCConfigurationList;
			buildConfigurations = (
				9CE36D0E2C85B897007601B3 /* Debug */,
				9CE36D0F2C85B897007601B3 /* Release */,
			);
			defaultConfigurationIsVisible = 0;
			defaultConfigurationName = Release;
		};
/* End XCConfigurationList section */
	};
	rootObject = 9CE36CF62C85B895007601B3 /* Project object */;
}
